
Microsoft Visual Studio Solution File, Format Version 12.00
# Visual Studio Version 16
VisualStudioVersion = 16.0.31005.135
MinimumVisualStudioVersion = 10.0.40219.1
Project("{FAE04EC0-301F-11D3-BF4B-00C04F79EFBC}") = "Practica_Docker", "Practica_Docker\Practica_Docker.csproj", "{901A8C06-DD1A-4755-81B2-BA48FE3A57A9}"
EndProject
Global
	GlobalSection(SolutionConfigurationPlatforms) = preSolution
		Debug|Any CPU = Debug|Any CPU
		Release|Any CPU = Release|Any CPU
	EndGlobalSection
	GlobalSection(ProjectConfigurationPlatforms) = postSolution
		{901A8C06-DD1A-4755-81B2-BA48FE3A57A9}.Debug|Any CPU.ActiveCfg = Debug|Any CPU
		{901A8C06-DD1A-4755-81B2-BA48FE3A57A9}.Debug|Any CPU.Build.0 = Debug|Any CPU
		{901A8C06-DD1A-4755-81B2-BA48FE3A57A9}.Release|Any CPU.ActiveCfg = Release|Any CPU
		{901A8C06-DD1A-4755-81B2-BA48FE3A57A9}.Release|Any CPU.Build.0 = Release|Any CPU
	EndGlobalSection
	GlobalSection(SolutionProperties) = preSolution
		HideSolutionNode = FALSE
	EndGlobalSection
	GlobalSection(ExtensibilityGlobals) = postSolution
		SolutionGuid = {DA9CB8E3-8B8A-4755-813C-EB0E4C1A4F55}
	EndGlobalSection
EndGlobal
